{
  "version": 4,
  "terraform_version": "1.15.3",
  "serial": 21,
  "lineage": "e5257ca2-804d-fdda-4dcc-0106b11cf3a6",
  "outputs": {},
  "resources": [
    {
      "mode": "managed",
      "type": "azurerm_subnet_network_security_group_association",
      "name": "this",
      "provider": "provider[\"registry.terraform.io/hashicorp/azurerm\"]",
      "instances": [
        {
          "index_key": "sn-apimv1-internal-injection",
          "schema_version": 0,
          "attributes": {
            "id": "/subscriptions/c5a60aba-12d3-4b3b-8ea9-699fb1e697a9/resourceGroups/rg-dev-weu-EMT-0001/providers/Microsoft.Network/virtualNetworks/vnet-dev-weu-EMT-0001/subnets/sn-apimv1-internal-injection",
            "network_security_group_id": "/subscriptions/c5a60aba-12d3-4b3b-8ea9-699fb1e697a9/resourceGroups/rg-dev-weu-EMT-0001/providers/Microsoft.Network/networkSecurityGroups/nsg-dev-weu-EMT-0001-apim-internal",
            "subnet_id": "/subscriptions/c5a60aba-12d3-4b3b-8ea9-699fb1e697a9/resourceGroups/rg-dev-weu-EMT-0001/providers/Microsoft.Network/virtualNetworks/vnet-dev-weu-EMT-0001/subnets/sn-apimv1-internal-injection",
            "timeouts": null
          },
          "sensitive_attributes": [],
          "identity_schema_version": 0,
          "private": "eyJlMmJmYjczMC1lY2FhLTExZTYtOGY4OC0zNDM2M2JjN2M0YzAiOnsiY3JlYXRlIjoxODAwMDAwMDAwMDAwLCJkZWxldGUiOjE4MDAwMDAwMDAwMDAsInJlYWQiOjMwMDAwMDAwMDAwMH19",
          "dependencies": [
            "module.nsg.azurerm_network_security_group.this",
            "module.nsg.azurerm_network_security_rule.this",
            "module.resource_group.azurerm_resource_group.this",
            "module.vnet.azurerm_subnet.this",
            "module.vnet.azurerm_virtual_network.this"
          ]
        }
      ]
    },
    {
      "module": "module.apim",
      "mode": "managed",
      "type": "azurerm_api_management",
      "name": "this",
      "provider": "provider[\"registry.terraform.io/hashicorp/azurerm\"]",
      "instances": [
        {
          "schema_version": 0,
          "attributes": {
            "additional_location": [],
            "certificate": [],
            "client_certificate_enabled": false,
            "delegation": [
              {
                "subscriptions_enabled": false,
                "url": "",
                "user_registration_enabled": false,
                "validation_key": ""
              }
            ],
            "developer_portal_url": "https://apim-dev-weu-emt-0001.developer.azure-api.net",
            "gateway_disabled": false,
            "gateway_regional_url": "https://apim-dev-weu-emt-0001-westeurope-01.regional.azure-api.net",
            "gateway_url": "https://apim-dev-weu-emt-0001.azure-api.net",
            "hostname_configuration": [
              {
                "developer_portal": [],
                "management": [],
                "portal": [],
                "proxy": [
                  {
                    "certificate": "",
                    "certificate_password": "",
                    "certificate_source": "BuiltIn",
                    "certificate_status": "",
                    "default_ssl_binding": true,
                    "expiry": "",
                    "host_name": "apim-dev-weu-emt-0001.azure-api.net",
                    "key_vault_certificate_id": "",
                    "key_vault_id": "",
                    "negotiate_client_certificate": false,
                    "ssl_keyvault_identity_client_id": "",
                    "subject": "",
                    "thumbprint": ""
                  }
                ],
                "scm": []
              }
            ],
            "id": "/subscriptions/c5a60aba-12d3-4b3b-8ea9-699fb1e697a9/resourceGroups/rg-dev-weu-EMT-0001/providers/Microsoft.ApiManagement/service/apim-dev-weu-EMT-0001",
            "identity": [
              {
                "identity_ids": null,
                "principal_id": "88f9246e-35e1-4d26-9a2a-7071a68b77e8",
                "tenant_id": "a0956535-5b1e-42bd-9217-2eeeab64b471",
                "type": "SystemAssigned"
              }
            ],
            "location": "westeurope",
            "management_api_url": "https://apim-dev-weu-emt-0001.management.azure-api.net",
            "min_api_version": "2019-12-01",
            "name": "apim-dev-weu-EMT-0001",
            "notification_sender_email": "apimgmt-noreply@mail.windowsazure.com",
            "portal_url": "",
            "private_ip_addresses": [
              "10.10.3.4"
            ],
            "protocols": [
              {
                "enable_http2": false,
                "http2_enabled": false
              }
            ],
            "public_ip_address_id": "",
            "public_ip_addresses": [
              "108.141.132.59"
            ],
            "public_network_access_enabled": true,
            "publisher_email": "platform@example.com",
            "publisher_name": "Platform Team",
            "resource_group_name": "rg-dev-weu-EMT-0001",
            "scm_url": "https://apim-dev-weu-emt-0001.scm.azure-api.net",
            "security": [
              {
                "backend_ssl30_enabled": false,
                "backend_tls10_enabled": false,
                "backend_tls11_enabled": false,
                "enable_backend_ssl30": false,
                "enable_backend_tls10": false,
                "enable_backend_tls11": false,
                "enable_frontend_ssl30": false,
                "enable_frontend_tls10": false,
                "enable_frontend_tls11": false,
                "frontend_ssl30_enabled": false,
                "frontend_tls10_enabled": false,
                "frontend_tls11_enabled": false,
                "tls_ecdhe_ecdsa_with_aes128_cbc_sha_ciphers_enabled": false,
                "tls_ecdhe_ecdsa_with_aes256_cbc_sha_ciphers_enabled": false,
                "tls_ecdhe_rsa_with_aes128_cbc_sha_ciphers_enabled": false,
                "tls_ecdhe_rsa_with_aes256_cbc_sha_ciphers_enabled": false,
                "tls_rsa_with_aes128_cbc_sha256_ciphers_enabled": false,
                "tls_rsa_with_aes128_cbc_sha_ciphers_enabled": false,
                "tls_rsa_with_aes128_gcm_sha256_ciphers_enabled": false,
                "tls_rsa_with_aes256_cbc_sha256_ciphers_enabled": false,
                "tls_rsa_with_aes256_cbc_sha_ciphers_enabled": false,
                "tls_rsa_with_aes256_gcm_sha384_ciphers_enabled": false,
                "triple_des_ciphers_enabled": false
              }
            ],
            "sign_in": [
              {
                "enabled": false
              }
            ],
            "sign_up": [
              {
                "enabled": false,
                "terms_of_service": [
                  {
                    "consent_required": false,
                    "enabled": false,
                    "text": ""
                  }
                ]
              }
            ],
            "sku_name": "Developer_1",
            "tags": {
              "component": "apim",
              "environment": "dev",
              "managed_by": "terraform",
              "project": "EMT",
              "service": "api_management",
              "version": "v1",
              "workload": "D0001-EMT"
            },
            "tenant_access": [
              {
                "enabled": false,
                "primary_key": "HYa6RPA5RlUsiJI+eGv71ivz08iUuB4y1arzl8ISgXWyqY6JyHLvrvun6WPEGePXcHEU2aAlzovuvTdvXHUSDw==",
                "secondary_key": "TyFIbSLnfSjxYnwwkc2GvlaxQFwPw1KjzZdNr9wxHoo9Ui+Whq7v5y7qpIhL1xqt6lialbmEKgNXc9gPKSrT9Q==",
                "tenant_id": "/tenant/directAccess"
              }
            ],
            "timeouts": null,
            "virtual_network_configuration": [
              {
                "subnet_id": "/subscriptions/c5a60aba-12d3-4b3b-8ea9-699fb1e697a9/resourceGroups/rg-dev-weu-EMT-0001/providers/Microsoft.Network/virtualNetworks/vnet-dev-weu-EMT-0001/subnets/sn-apimv1-internal-injection"
              }
            ],
            "virtual_network_type": "Internal",
            "zones": null
          },
          "sensitive_attributes": [
            [
              {
                "type": "get_attr",
                "value": "delegation"
              },
              {
                "type": "index",
                "value": {
                  "value": 0,
                  "type": "number"
                }
              },
              {
                "type": "get_attr",
                "value": "validation_key"
              }
            ],
            [
              {
                "type": "get_attr",
                "value": "hostname_configuration"
              },
              {
                "type": "index",
                "value": {
                  "value": 0,
                  "type": "number"
                }
              },
              {
                "type": "get_attr",
                "value": "proxy"
              },
              {
                "type": "index",
                "value": {
                  "value": 0,
                  "type": "number"
                }
              },
              {
                "type": "get_attr",
                "value": "certificate"
              }
            ],
            [
              {
                "type": "get_attr",
                "value": "hostname_configuration"
              },
              {
                "type": "index",
                "value": {
                  "value": 0,
                  "type": "number"
                }
              },
              {
                "type": "get_attr",
                "value": "proxy"
              },
              {
                "type": "index",
                "value": {
                  "value": 0,
                  "type": "number"
                }
              },
              {
                "type": "get_attr",
                "value": "certificate_password"
              }
            ],
            [
              {
                "type": "get_attr",
                "value": "tenant_access"
              },
              {
                "type": "index",
                "value": {
                  "value": 0,
                  "type": "number"
                }
              },
              {
                "type": "get_attr",
                "value": "primary_key"
              }
            ],
            [
              {
                "type": "get_attr",
                "value": "tenant_access"
              },
              {
                "type": "index",
                "value": {
                  "value": 0,
                  "type": "number"
                }
              },
              {
                "type": "get_attr",
                "value": "secondary_key"
              }
            ]
          ],
          "identity_schema_version": 0,
          "private": "eyJlMmJmYjczMC1lY2FhLTExZTYtOGY4OC0zNDM2M2JjN2M0YzAiOnsiY3JlYXRlIjoxMDgwMDAwMDAwMDAwMCwiZGVsZXRlIjoxMDgwMDAwMDAwMDAwMCwicmVhZCI6MzAwMDAwMDAwMDAwLCJ1cGRhdGUiOjEwODAwMDAwMDAwMDAwfX0=",
          "dependencies": [
            "module.resource_group.azurerm_resource_group.this",
            "module.vnet.azurerm_subnet.this",
            "module.vnet.azurerm_virtual_network.this"
          ]
        }
      ]
    },
    {
      "module": "module.app_service_plan",
      "mode": "managed",
      "type": "azurerm_service_plan",
      "name": "this",
      "provider": "provider[\"registry.terraform.io/hashicorp/azurerm\"]",
      "instances": [
        {
          "schema_version": 1,
          "attributes": {
            "app_service_environment_id": "",
            "id": "/subscriptions/c5a60aba-12d3-4b3b-8ea9-699fb1e697a9/resourceGroups/rg-dev-weu-EMT-0001/providers/Microsoft.Web/serverFarms/asp-dev-weu-EMT-0001-app",
            "kind": "app",
            "location": "westeurope",
            "maximum_elastic_worker_count": 1,
            "name": "asp-dev-weu-EMT-0001-app",
            "os_type": "Windows",
            "per_site_scaling_enabled": false,
            "premium_plan_auto_scale_enabled": false,
            "reserved": false,
            "resource_group_name": "rg-dev-weu-EMT-0001",
            "sku_name": "B1",
            "tags": {
              "component": "plan",
              "environment": "dev",
              "managed_by": "terraform",
              "project": "EMT",
              "service": "app_service",
              "workload": "D0001-EMT"
            },
            "timeouts": null,
            "worker_count": 1,
            "zone_balancing_enabled": false
          },
          "sensitive_attributes": [],
          "identity_schema_version": 0,
          "identity": {
            "name": "asp-dev-weu-EMT-0001-app",
            "resource_group_name": "rg-dev-weu-EMT-0001",
            "subscription_id": "c5a60aba-12d3-4b3b-8ea9-699fb1e697a9"
          },
          "private": "eyJlMmJmYjczMC1lY2FhLTExZTYtOGY4OC0zNDM2M2JjN2M0YzAiOnsiY3JlYXRlIjozNjAwMDAwMDAwMDAwLCJkZWxldGUiOjM2MDAwMDAwMDAwMDAsInJlYWQiOjMwMDAwMDAwMDAwMCwidXBkYXRlIjozNjAwMDAwMDAwMDAwfSwic2NoZW1hX3ZlcnNpb24iOiIxIn0=",
          "dependencies": [
            "module.resource_group.azurerm_resource_group.this"
          ]
        }
      ]
    },
    {
      "module": "module.nsg[\"apim-internal\"]",
      "mode": "managed",
      "type": "azurerm_network_security_group",
      "name": "this",
      "provider": "provider[\"registry.terraform.io/hashicorp/azurerm\"]",
      "instances": [
        {
          "schema_version": 0,
          "attributes": {
            "id": "/subscriptions/c5a60aba-12d3-4b3b-8ea9-699fb1e697a9/resourceGroups/rg-dev-weu-EMT-0001/providers/Microsoft.Network/networkSecurityGroups/nsg-dev-weu-EMT-0001-apim-internal",
            "location": "westeurope",
            "name": "nsg-dev-weu-EMT-0001-apim-internal",
            "resource_group_name": "rg-dev-weu-EMT-0001",
            "security_rule": [
              {
                "access": "Allow",
                "description": "",
                "destination_address_prefix": "VirtualNetwork",
                "destination_address_prefixes": [],
                "destination_application_security_group_ids": [],
                "destination_port_range": "3443",
                "destination_port_ranges": [],
                "direction": "Inbound",
                "name": "sr-in-allow-mgt-apim",
                "priority": 100,
                "protocol": "Tcp",
                "source_address_prefix": "ApiManagement",
                "source_address_prefixes": [],
                "source_application_security_group_ids": [],
                "source_port_range": "*",
                "source_port_ranges": []
              }
            ],
            "tags": {
              "component": "nsg",
              "environment": "dev",
              "managed_by": "terraform",
              "project": "EMT",
              "service": "network",
              "workload": "D0001-EMT"
            },
            "timeouts": null
          },
          "sensitive_attributes": [],
          "identity_schema_version": 0,
          "identity": {
            "name": "nsg-dev-weu-EMT-0001-apim-internal",
            "resource_group_name": "rg-dev-weu-EMT-0001",
            "subscription_id": "c5a60aba-12d3-4b3b-8ea9-699fb1e697a9"
          },
          "private": "eyJlMmJmYjczMC1lY2FhLTExZTYtOGY4OC0zNDM2M2JjN2M0YzAiOnsiY3JlYXRlIjoxODAwMDAwMDAwMDAwLCJkZWxldGUiOjE4MDAwMDAwMDAwMDAsInJlYWQiOjMwMDAwMDAwMDAwMCwidXBkYXRlIjoxODAwMDAwMDAwMDAwfX0=",
          "dependencies": [
            "module.resource_group.azurerm_resource_group.this"
          ]
        }
      ]
    },
    {
      "module": "module.nsg[\"apim-internal\"]",
      "mode": "managed",
      "type": "azurerm_network_security_rule",
      "name": "this",
      "provider": "provider[\"registry.terraform.io/hashicorp/azurerm\"]",
      "instances": [
        {
          "index_key": "sr-in-allow-load-balancer",
          "schema_version": 0,
          "attributes": {
            "access": "Allow",
            "description": "",
            "destination_address_prefix": "VirtualNetwork",
            "destination_address_prefixes": null,
            "destination_application_security_group_ids": null,
            "destination_port_range": "6390",
            "destination_port_ranges": null,
            "direction": "Inbound",
            "id": "/subscriptions/c5a60aba-12d3-4b3b-8ea9-699fb1e697a9/resourceGroups/rg-dev-weu-EMT-0001/providers/Microsoft.Network/networkSecurityGroups/nsg-dev-weu-EMT-0001-apim-internal/securityRules/sr-in-allow-load-balancer",
            "name": "sr-in-allow-load-balancer",
            "network_security_group_name": "nsg-dev-weu-EMT-0001-apim-internal",
            "priority": 101,
            "protocol": "Tcp",
            "resource_group_name": "rg-dev-weu-EMT-0001",
            "source_address_prefix": "AzureLoadBalancer",
            "source_address_prefixes": null,
            "source_application_security_group_ids": null,
            "source_port_range": "*",
            "source_port_ranges": null,
            "timeouts": null
          },
          "sensitive_attributes": [],
          "identity_schema_version": 0,
          "identity": {
            "name": "sr-in-allow-load-balancer",
            "network_security_group_name": "nsg-dev-weu-EMT-0001-apim-internal",
            "resource_group_name": "rg-dev-weu-EMT-0001",
            "subscription_id": "c5a60aba-12d3-4b3b-8ea9-699fb1e697a9"
          },
          "private": "eyJlMmJmYjczMC1lY2FhLTExZTYtOGY4OC0zNDM2M2JjN2M0YzAiOnsiY3JlYXRlIjoxODAwMDAwMDAwMDAwLCJkZWxldGUiOjE4MDAwMDAwMDAwMDAsInJlYWQiOjMwMDAwMDAwMDAwMCwidXBkYXRlIjoxODAwMDAwMDAwMDAwfX0=",
          "dependencies": [
            "module.nsg.azurerm_network_security_group.this",
            "module.resource_group.azurerm_resource_group.this"
          ]
        },
        {
          "index_key": "sr-in-allow-mgt-apim",
          "schema_version": 0,
          "attributes": {
            "access": "Allow",
            "description": "",
            "destination_address_prefix": "VirtualNetwork",
            "destination_address_prefixes": [],
            "destination_application_security_group_ids": [],
            "destination_port_range": "3443",
            "destination_port_ranges": [],
            "direction": "Inbound",
            "id": "/subscriptions/c5a60aba-12d3-4b3b-8ea9-699fb1e697a9/resourceGroups/rg-dev-weu-EMT-0001/providers/Microsoft.Network/networkSecurityGroups/nsg-dev-weu-EMT-0001-apim-internal/securityRules/sr-in-allow-mgt-apim",
            "name": "sr-in-allow-mgt-apim",
            "network_security_group_name": "nsg-dev-weu-EMT-0001-apim-internal",
            "priority": 100,
            "protocol": "Tcp",
            "resource_group_name": "rg-dev-weu-EMT-0001",
            "source_address_prefix": "ApiManagement",
            "source_address_prefixes": [],
            "source_application_security_group_ids": [],
            "source_port_range": "*",
            "source_port_ranges": [],
            "timeouts": null
          },
          "sensitive_attributes": [],
          "identity_schema_version": 0,
          "identity": {
            "name": "sr-in-allow-mgt-apim",
            "network_security_group_name": "nsg-dev-weu-EMT-0001-apim-internal",
            "resource_group_name": "rg-dev-weu-EMT-0001",
            "subscription_id": "c5a60aba-12d3-4b3b-8ea9-699fb1e697a9"
          },
          "private": "eyJlMmJmYjczMC1lY2FhLTExZTYtOGY4OC0zNDM2M2JjN2M0YzAiOnsiY3JlYXRlIjoxODAwMDAwMDAwMDAwLCJkZWxldGUiOjE4MDAwMDAwMDAwMDAsInJlYWQiOjMwMDAwMDAwMDAwMCwidXBkYXRlIjoxODAwMDAwMDAwMDAwfX0=",
          "dependencies": [
            "module.nsg.azurerm_network_security_group.this",
            "module.resource_group.azurerm_resource_group.this"
          ]
        },
        {
          "index_key": "sr-out-allow-load-balancer",
          "schema_version": 0,
          "attributes": {
            "access": "Allow",
            "description": "",
            "destination_address_prefix": "Internet",
            "destination_address_prefixes": null,
            "destination_application_security_group_ids": null,
            "destination_port_range": "80",
            "destination_port_ranges": null,
            "direction": "Outbound",
            "id": "/subscriptions/c5a60aba-12d3-4b3b-8ea9-699fb1e697a9/resourceGroups/rg-dev-weu-EMT-0001/providers/Microsoft.Network/networkSecurityGroups/nsg-dev-weu-EMT-0001-apim-internal/securityRules/sr-out-allow-load-balancer",
            "name": "sr-out-allow-load-balancer",
            "network_security_group_name": "nsg-dev-weu-EMT-0001-apim-internal",
            "priority": 100,
            "protocol": "Tcp",
            "resource_group_name": "rg-dev-weu-EMT-0001",
            "source_address_prefix": "VirtualNetwork",
            "source_address_prefixes": null,
            "source_application_security_group_ids": null,
            "source_port_range": "*",
            "source_port_ranges": null,
            "timeouts": null
          },
          "sensitive_attributes": [],
          "identity_schema_version": 0,
          "identity": {
            "name": "sr-out-allow-load-balancer",
            "network_security_group_name": "nsg-dev-weu-EMT-0001-apim-internal",
            "resource_group_name": "rg-dev-weu-EMT-0001",
            "subscription_id": "c5a60aba-12d3-4b3b-8ea9-699fb1e697a9"
          },
          "private": "eyJlMmJmYjczMC1lY2FhLTExZTYtOGY4OC0zNDM2M2JjN2M0YzAiOnsiY3JlYXRlIjoxODAwMDAwMDAwMDAwLCJkZWxldGUiOjE4MDAwMDAwMDAwMDAsInJlYWQiOjMwMDAwMDAwMDAwMCwidXBkYXRlIjoxODAwMDAwMDAwMDAwfX0=",
          "dependencies": [
            "module.nsg.azurerm_network_security_group.this",
            "module.resource_group.azurerm_resource_group.this"
          ]
        }
      ]
    },
    {
      "module": "module.resource_group",
      "mode": "managed",
      "type": "azurerm_resource_group",
      "name": "this",
      "provider": "provider[\"registry.terraform.io/hashicorp/azurerm\"]",
      "instances": [
        {
          "schema_version": 0,
          "attributes": {
            "id": "/subscriptions/c5a60aba-12d3-4b3b-8ea9-699fb1e697a9/resourceGroups/rg-dev-weu-EMT-0001",
            "location": "westeurope",
            "managed_by": "",
            "name": "rg-dev-weu-EMT-0001",
            "tags": {
              "component": "resource_group",
              "environment": "dev",
              "managed_by": "terraform",
              "project": "EMT",
              "workload": "D0001-EMT"
            },
            "timeouts": null
          },
          "sensitive_attributes": [],
          "identity_schema_version": 0,
          "identity": {
            "name": "rg-dev-weu-EMT-0001",
            "subscription_id": "c5a60aba-12d3-4b3b-8ea9-699fb1e697a9"
          },
          "private": "eyJlMmJmYjczMC1lY2FhLTExZTYtOGY4OC0zNDM2M2JjN2M0YzAiOnsiY3JlYXRlIjo1NDAwMDAwMDAwMDAwLCJkZWxldGUiOjU0MDAwMDAwMDAwMDAsInJlYWQiOjMwMDAwMDAwMDAwMCwidXBkYXRlIjo1NDAwMDAwMDAwMDAwfX0="
        }
      ]
    },
    {
      "module": "module.vnet",
      "mode": "managed",
      "type": "azurerm_subnet",
      "name": "this",
      "provider": "provider[\"registry.terraform.io/hashicorp/azurerm\"]",
      "instances": [
        {
          "index_key": "sn-apimv1-internal-injection",
          "schema_version": 0,
          "attributes": {
            "address_prefixes": [
              "10.10.3.0/24"
            ],
            "default_outbound_access_enabled": true,
            "delegation": [],
            "id": "/subscriptions/c5a60aba-12d3-4b3b-8ea9-699fb1e697a9/resourceGroups/rg-dev-weu-EMT-0001/providers/Microsoft.Network/virtualNetworks/vnet-dev-weu-EMT-0001/subnets/sn-apimv1-internal-injection",
            "ip_address_pool": [],
            "name": "sn-apimv1-internal-injection",
            "private_endpoint_network_policies": "Disabled",
            "private_link_service_network_policies_enabled": true,
            "resource_group_name": "rg-dev-weu-EMT-0001",
            "service_endpoint_policy_ids": [],
            "service_endpoints": [],
            "sharing_scope": "",
            "timeouts": null,
            "virtual_network_name": "vnet-dev-weu-EMT-0001"
          },
          "sensitive_attributes": [],
          "identity_schema_version": 0,
          "identity": {
            "name": "sn-apimv1-internal-injection",
            "resource_group_name": "rg-dev-weu-EMT-0001",
            "subscription_id": "c5a60aba-12d3-4b3b-8ea9-699fb1e697a9",
            "virtual_network_name": "vnet-dev-weu-EMT-0001"
          },
          "private": "eyJlMmJmYjczMC1lY2FhLTExZTYtOGY4OC0zNDM2M2JjN2M0YzAiOnsiY3JlYXRlIjoxODAwMDAwMDAwMDAwLCJkZWxldGUiOjE4MDAwMDAwMDAwMDAsInJlYWQiOjMwMDAwMDAwMDAwMCwidXBkYXRlIjoxODAwMDAwMDAwMDAwfX0=",
          "dependencies": [
            "module.resource_group.azurerm_resource_group.this",
            "module.vnet.azurerm_virtual_network.this"
          ]
        },
        {
          "index_key": "sn-private-endpoint",
          "schema_version": 0,
          "attributes": {
            "address_prefixes": [
              "10.10.2.0/24"
            ],
            "default_outbound_access_enabled": true,
            "delegation": [],
            "id": "/subscriptions/c5a60aba-12d3-4b3b-8ea9-699fb1e697a9/resourceGroups/rg-dev-weu-EMT-0001/providers/Microsoft.Network/virtualNetworks/vnet-dev-weu-EMT-0001/subnets/sn-private-endpoint",
            "ip_address_pool": [],
            "name": "sn-private-endpoint",
            "private_endpoint_network_policies": "Disabled",
            "private_link_service_network_policies_enabled": true,
            "resource_group_name": "rg-dev-weu-EMT-0001",
            "service_endpoint_policy_ids": [],
            "service_endpoints": [],
            "sharing_scope": "",
            "timeouts": null,
            "virtual_network_name": "vnet-dev-weu-EMT-0001"
          },
          "sensitive_attributes": [],
          "identity_schema_version": 0,
          "identity": {
            "name": "sn-private-endpoint",
            "resource_group_name": "rg-dev-weu-EMT-0001",
            "subscription_id": "c5a60aba-12d3-4b3b-8ea9-699fb1e697a9",
            "virtual_network_name": "vnet-dev-weu-EMT-0001"
          },
          "private": "eyJlMmJmYjczMC1lY2FhLTExZTYtOGY4OC0zNDM2M2JjN2M0YzAiOnsiY3JlYXRlIjoxODAwMDAwMDAwMDAwLCJkZWxldGUiOjE4MDAwMDAwMDAwMDAsInJlYWQiOjMwMDAwMDAwMDAwMCwidXBkYXRlIjoxODAwMDAwMDAwMDAwfX0=",
          "dependencies": [
            "module.resource_group.azurerm_resource_group.this",
            "module.vnet.azurerm_virtual_network.this"
          ]
        },
        {
          "index_key": "sn-web-integration",
          "schema_version": 0,
          "attributes": {
            "address_prefixes": [
              "10.10.1.0/24"
            ],
            "default_outbound_access_enabled": true,
            "delegation": [],
            "id": "/subscriptions/c5a60aba-12d3-4b3b-8ea9-699fb1e697a9/resourceGroups/rg-dev-weu-EMT-0001/providers/Microsoft.Network/virtualNetworks/vnet-dev-weu-EMT-0001/subnets/sn-web-integration",
            "ip_address_pool": [],
            "name": "sn-web-integration",
            "private_endpoint_network_policies": "Disabled",
            "private_link_service_network_policies_enabled": true,
            "resource_group_name": "rg-dev-weu-EMT-0001",
            "service_endpoint_policy_ids": [],
            "service_endpoints": [],
            "sharing_scope": "",
            "timeouts": null,
            "virtual_network_name": "vnet-dev-weu-EMT-0001"
          },
          "sensitive_attributes": [],
          "identity_schema_version": 0,
          "identity": {
            "name": "sn-web-integration",
            "resource_group_name": "rg-dev-weu-EMT-0001",
            "subscription_id": "c5a60aba-12d3-4b3b-8ea9-699fb1e697a9",
            "virtual_network_name": "vnet-dev-weu-EMT-0001"
          },
          "private": "eyJlMmJmYjczMC1lY2FhLTExZTYtOGY4OC0zNDM2M2JjN2M0YzAiOnsiY3JlYXRlIjoxODAwMDAwMDAwMDAwLCJkZWxldGUiOjE4MDAwMDAwMDAwMDAsInJlYWQiOjMwMDAwMDAwMDAwMCwidXBkYXRlIjoxODAwMDAwMDAwMDAwfX0=",
          "dependencies": [
            "module.resource_group.azurerm_resource_group.this",
            "module.vnet.azurerm_virtual_network.this"
          ]
        }
      ]
    },
    {
      "module": "module.vnet",
      "mode": "managed",
      "type": "azurerm_virtual_network",
      "name": "this",
      "provider": "provider[\"registry.terraform.io/hashicorp/azurerm\"]",
      "instances": [
        {
          "schema_version": 0,
          "attributes": {
            "address_space": [
              "10.10.0.0/16"
            ],
            "bgp_community": "",
            "ddos_protection_plan": [],
            "dns_servers": [],
            "edge_zone": "",
            "encryption": [],
            "flow_timeout_in_minutes": 0,
            "guid": "d106aead-f689-4a09-8ed2-979f1fa9f124",
            "id": "/subscriptions/c5a60aba-12d3-4b3b-8ea9-699fb1e697a9/resourceGroups/rg-dev-weu-EMT-0001/providers/Microsoft.Network/virtualNetworks/vnet-dev-weu-EMT-0001",
            "ip_address_pool": [],
            "location": "westeurope",
            "name": "vnet-dev-weu-EMT-0001",
            "private_endpoint_vnet_policies": "Disabled",
            "resource_group_name": "rg-dev-weu-EMT-0001",
            "subnet": [
              {
                "address_prefixes": [
                  "10.10.1.0/24"
                ],
                "default_outbound_access_enabled": true,
                "delegation": [],
                "id": "/subscriptions/c5a60aba-12d3-4b3b-8ea9-699fb1e697a9/resourceGroups/rg-dev-weu-EMT-0001/providers/Microsoft.Network/virtualNetworks/vnet-dev-weu-EMT-0001/subnets/sn-web-integration",
                "name": "sn-web-integration",
                "private_endpoint_network_policies": "Disabled",
                "private_link_service_network_policies_enabled": true,
                "route_table_id": "",
                "security_group": "",
                "service_endpoint_policy_ids": [],
                "service_endpoints": []
              },
              {
                "address_prefixes": [
                  "10.10.2.0/24"
                ],
                "default_outbound_access_enabled": true,
                "delegation": [],
                "id": "/subscriptions/c5a60aba-12d3-4b3b-8ea9-699fb1e697a9/resourceGroups/rg-dev-weu-EMT-0001/providers/Microsoft.Network/virtualNetworks/vnet-dev-weu-EMT-0001/subnets/sn-private-endpoint",
                "name": "sn-private-endpoint",
                "private_endpoint_network_policies": "Disabled",
                "private_link_service_network_policies_enabled": true,
                "route_table_id": "",
                "security_group": "",
                "service_endpoint_policy_ids": [],
                "service_endpoints": []
              },
              {
                "address_prefixes": [
                  "10.10.3.0/24"
                ],
                "default_outbound_access_enabled": true,
                "delegation": [],
                "id": "/subscriptions/c5a60aba-12d3-4b3b-8ea9-699fb1e697a9/resourceGroups/rg-dev-weu-EMT-0001/providers/Microsoft.Network/virtualNetworks/vnet-dev-weu-EMT-0001/subnets/sn-apimv1-internal-injection",
                "name": "sn-apimv1-internal-injection",
                "private_endpoint_network_policies": "Disabled",
                "private_link_service_network_policies_enabled": true,
                "route_table_id": "",
                "security_group": "/subscriptions/c5a60aba-12d3-4b3b-8ea9-699fb1e697a9/resourceGroups/rg-dev-weu-EMT-0001/providers/Microsoft.Network/networkSecurityGroups/nsg-dev-weu-EMT-0001-apim-internal",
                "service_endpoint_policy_ids": [],
                "service_endpoints": []
              }
            ],
            "tags": {
              "component": "vnet",
              "environment": "dev",
              "managed_by": "terraform",
              "project": "EMT",
              "service": "network",
              "workload": "D0001-EMT"
            },
            "timeouts": null
          },
          "sensitive_attributes": [],
          "identity_schema_version": 0,
          "identity": {
            "name": "vnet-dev-weu-EMT-0001",
            "resource_group_name": "rg-dev-weu-EMT-0001",
            "subscription_id": "c5a60aba-12d3-4b3b-8ea9-699fb1e697a9"
          },
          "private": "eyJlMmJmYjczMC1lY2FhLTExZTYtOGY4OC0zNDM2M2JjN2M0YzAiOnsiY3JlYXRlIjoxODAwMDAwMDAwMDAwLCJkZWxldGUiOjE4MDAwMDAwMDAwMDAsInJlYWQiOjMwMDAwMDAwMDAwMCwidXBkYXRlIjoxODAwMDAwMDAwMDAwfX0=",
          "dependencies": [
            "module.resource_group.azurerm_resource_group.this"
          ]
        }
      ]
    },
    {
      "module": "module.windows_webapp",
      "mode": "managed",
      "type": "azurerm_windows_web_app",
      "name": "this",
      "provider": "provider[\"registry.terraform.io/hashicorp/azurerm\"]",
      "instances": [
        {
          "index_key": 0,
          "schema_version": 1,
          "attributes": {
            "app_settings": {
              "ASPNETCORE_ENVIRONMENT": "Development"
            },
            "auth_settings": [
              {
                "active_directory": [],
                "additional_login_parameters": {},
                "allowed_external_redirect_urls": [],
                "default_provider": "",
                "enabled": false,
                "facebook": [],
                "github": [],
                "google": [],
                "issuer": "",
                "microsoft": [],
                "runtime_version": "",
                "token_refresh_extension_hours": 0,
                "token_store_enabled": false,
                "twitter": [],
                "unauthenticated_client_action": ""
              }
            ],
            "auth_settings_v2": [],
            "backup": [],
            "client_affinity_enabled": false,
            "client_certificate_enabled": false,
            "client_certificate_exclusion_paths": "",
            "client_certificate_mode": "Required",
            "connection_string": [],
            "custom_domain_verification_id": "1C67878D0C7D467802E73C89000E227E28CE56163E04B9C33BDD877257761689",
            "default_hostname": "app-dev-weu-emt-0001-web.azurewebsites.net",
            "enabled": true,
            "ftp_publish_basic_authentication_enabled": true,
            "hosting_environment_id": "",
            "https_only": true,
            "id": "/subscriptions/c5a60aba-12d3-4b3b-8ea9-699fb1e697a9/resourceGroups/rg-dev-weu-EMT-0001/providers/Microsoft.Web/sites/app-dev-weu-EMT-0001-web",
            "identity": [
              {
                "identity_ids": [],
                "principal_id": "2317a308-0a46-4599-bb94-ca358b7dd81a",
                "tenant_id": "a0956535-5b1e-42bd-9217-2eeeab64b471",
                "type": "SystemAssigned"
              }
            ],
            "key_vault_reference_identity_id": "SystemAssigned",
            "kind": "app",
            "location": "westeurope",
            "logs": [],
            "name": "app-dev-weu-EMT-0001-web",
            "outbound_ip_address_list": [
              "65.52.136.102",
              "65.52.137.91",
              "65.52.137.92",
              "65.52.136.29",
              "65.52.128.33"
            ],
            "outbound_ip_addresses": "65.52.136.102,65.52.137.91,65.52.137.92,65.52.136.29,65.52.128.33",
            "possible_outbound_ip_address_list": [
              "65.52.136.102",
              "65.52.137.91",
              "65.52.137.92",
              "65.52.136.29",
              "9.163.216.14",
              "51.144.241.177",
              "51.144.241.199",
              "13.80.103.145",
              "51.144.241.178",
              "51.144.240.70",
              "20.101.159.71",
              "20.31.193.244",
              "20.31.195.227",
              "20.31.196.119",
              "20.31.196.127",
              "20.31.196.183",
              "20.67.56.235",
              "20.67.56.246",
              "20.67.56.247",
              "20.67.57.56",
              "20.67.56.60",
              "20.67.57.57",
              "65.52.128.33"
            ],
            "possible_outbound_ip_addresses": "65.52.136.102,65.52.137.91,65.52.137.92,65.52.136.29,9.163.216.14,51.144.241.177,51.144.241.199,13.80.103.145,51.144.241.178,51.144.240.70,20.101.159.71,20.31.193.244,20.31.195.227,20.31.196.119,20.31.196.127,20.31.196.183,20.67.56.235,20.67.56.246,20.67.56.247,20.67.57.56,20.67.56.60,20.67.57.57,65.52.128.33",
            "public_network_access_enabled": true,
            "resource_group_name": "rg-dev-weu-EMT-0001",
            "service_plan_id": "/subscriptions/c5a60aba-12d3-4b3b-8ea9-699fb1e697a9/resourceGroups/rg-dev-weu-EMT-0001/providers/Microsoft.Web/serverFarms/asp-dev-weu-EMT-0001-app",
            "site_config": [
              {
                "always_on": true,
                "api_definition_url": "",
                "api_management_api_id": "",
                "app_command_line": "",
                "application_stack": [
                  {
                    "current_stack": "",
                    "docker_image_name": "",
                    "docker_registry_password": "",
                    "docker_registry_url": "",
                    "docker_registry_username": "",
                    "dotnet_core_version": "",
                    "dotnet_version": "v4.0",
                    "java_container": "",
                    "java_container_version": "",
                    "java_embedded_server_enabled": false,
                    "java_version": "",
                    "node_version": "",
                    "php_version": "5.6",
                    "python": false,
                    "tomcat_version": ""
                  }
                ],
                "auto_heal_setting": [],
                "container_registry_managed_identity_client_id": "",
                "container_registry_use_managed_identity": false,
                "cors": [],
                "default_documents": [
                  "Default.htm",
                  "Default.html",
                  "Default.asp",
                  "index.htm",
                  "index.html",
                  "iisstart.htm",
                  "default.aspx",
                  "index.php",
                  "hostingstart.html"
                ],
                "detailed_error_logging_enabled": false,
                "ftps_state": "Disabled",
                "handler_mapping": [],
                "health_check_eviction_time_in_min": 0,
                "health_check_path": "",
                "http2_enabled": false,
                "ip_restriction": [],
                "ip_restriction_default_action": "Allow",
                "linux_fx_version": "",
                "load_balancing_mode": "LeastRequests",
                "local_mysql_enabled": false,
                "managed_pipeline_mode": "Integrated",
                "minimum_tls_version": "1.2",
                "remote_debugging_enabled": false,
                "remote_debugging_version": "VS2022",
                "scm_ip_restriction": [],
                "scm_ip_restriction_default_action": "Allow",
                "scm_minimum_tls_version": "1.2",
                "scm_type": "None",
                "scm_use_main_ip_restriction": false,
                "use_32_bit_worker": true,
                "virtual_application": [],
                "vnet_route_all_enabled": false,
                "websockets_enabled": false,
                "windows_fx_version": "",
                "worker_count": 1
              }
            ],
            "site_credential": [
              {
                "name": "$app-dev-weu-EMT-0001-web",
                "password": "kFciELiEfjc1fvqMsWverluidjt7nccr52rqGb7wXL3P8iC7Fwruigajpgl4"
              }
            ],
            "sticky_settings": [],
            "storage_account": [],
            "tags": {
              "component": "web_app",
              "environment": "dev",
              "managed_by": "terraform",
              "os_type": "windows",
              "project": "EMT",
              "role": "web",
              "service": "app_service",
              "workload": "D0001-EMT"
            },
            "timeouts": null,
            "virtual_network_backup_restore_enabled": false,
            "virtual_network_image_pull_enabled": false,
            "virtual_network_subnet_id": "",
            "webdeploy_publish_basic_authentication_enabled": true,
            "zip_deploy_file": ""
          },
          "sensitive_attributes": [
            [
              {
                "type": "get_attr",
                "value": "custom_domain_verification_id"
              }
            ],
            [
              {
                "type": "get_attr",
                "value": "site_config"
              },
              {
                "type": "index",
                "value": {
                  "value": 0,
                  "type": "number"
                }
              },
              {
                "type": "get_attr",
                "value": "application_stack"
              },
              {
                "type": "index",
                "value": {
                  "value": 0,
                  "type": "number"
                }
              },
              {
                "type": "get_attr",
                "value": "docker_registry_password"
              }
            ],
            [
              {
                "type": "get_attr",
                "value": "site_credential"
              }
            ]
          ],
          "identity_schema_version": 0,
          "private": "eyJlMmJmYjczMC1lY2FhLTExZTYtOGY4OC0zNDM2M2JjN2M0YzAiOnsiY3JlYXRlIjoxODAwMDAwMDAwMDAwLCJkZWxldGUiOjE4MDAwMDAwMDAwMDAsInJlYWQiOjMwMDAwMDAwMDAwMCwidXBkYXRlIjoxODAwMDAwMDAwMDAwfSwic2NoZW1hX3ZlcnNpb24iOiIxIn0=",
          "dependencies": [
            "module.app_service_plan.azurerm_service_plan.this",
            "module.resource_group.azurerm_resource_group.this"
          ]
        }
      ]
    }
  ],
  "check_results": [
    {
      "object_kind": "var",
      "config_addr": "module.windows_webapp.var.minimum_tls_version",
      "status": "pass",
      "objects": [
        {
          "object_addr": "module.windows_webapp.var.minimum_tls_version",
          "status": "pass"
        }
      ]
    },
    {
      "object_kind": "var",
      "config_addr": "module.windows_webapp.var.os_type",
      "status": "pass",
      "objects": [
        {
          "object_addr": "module.windows_webapp.var.os_type",
          "status": "pass"
        }
      ]
    },
    {
      "object_kind": "var",
      "config_addr": "module.apim.var.identity_type",
      "status": "pass",
      "objects": [
        {
          "object_addr": "module.apim.var.identity_type",
          "status": "pass"
        }
      ]
    },
    {
      "object_kind": "var",
      "config_addr": "module.windows_webapp.var.deploy_type",
      "status": "pass",
      "objects": [
        {
          "object_addr": "module.windows_webapp.var.deploy_type",
          "status": "pass"
        }
      ]
    },
    {
      "object_kind": "var",
      "config_addr": "module.vnet.var.address_space",
      "status": "pass",
      "objects": [
        {
          "object_addr": "module.vnet.var.address_space",
          "status": "pass"
        }
      ]
    },
    {
      "object_kind": "var",
      "config_addr": "module.apim.var.sku_name",
      "status": "pass",
      "objects": [
        {
          "object_addr": "module.apim.var.sku_name",
          "status": "pass"
        }
      ]
    },
    {
      "object_kind": "var",
      "config_addr": "module.app_service_plan.var.os_type",
      "status": "pass",
      "objects": [
        {
          "object_addr": "module.app_service_plan.var.os_type",
          "status": "pass"
        }
      ]
    },
    {
      "object_kind": "check",
      "config_addr": "check.config_file_exists",
      "status": "pass",
      "objects": [
        {
          "object_addr": "check.config_file_exists",
          "status": "pass"
        }
      ]
    },
    {
      "object_kind": "check",
      "config_addr": "check.workload_exists_in_config",
      "status": "pass",
      "objects": [
        {
          "object_addr": "check.workload_exists_in_config",
          "status": "pass"
        }
      ]
    },
    {
      "object_kind": "var",
      "config_addr": "module.resource_group.var.lock_level",
      "status": "pass",
      "objects": [
        {
          "object_addr": "module.resource_group.var.lock_level",
          "status": "pass"
        }
      ]
    },
    {
      "object_kind": "var",
      "config_addr": "module.app_service_plan.var.worker_count",
      "status": "pass",
      "objects": [
        {
          "object_addr": "module.app_service_plan.var.worker_count",
          "status": "pass"
        }
      ]
    },
    {
      "object_kind": "var",
      "config_addr": "module.nsg.var.security_rules",
      "status": "pass",
      "objects": [
        {
          "object_addr": "module.nsg[\"apim-internal\"].var.security_rules",
          "status": "pass"
        }
      ]
    },
    {
      "object_kind": "check",
      "config_addr": "check.valid_workload_format",
      "status": "pass",
      "objects": [
        {
          "object_addr": "check.valid_workload_format",
          "status": "pass"
        }
      ]
    },
    {
      "object_kind": "var",
      "config_addr": "module.apim.var.virtual_network_type",
      "status": "pass",
      "objects": [
        {
          "object_addr": "module.apim.var.virtual_network_type",
          "status": "pass"
        }
      ]
    },
    {
      "object_kind": "var",
      "config_addr": "module.windows_webapp.var.ftps_state",
      "status": "pass",
      "objects": [
        {
          "object_addr": "module.windows_webapp.var.ftps_state",
          "status": "pass"
        }
      ]
    },
    {
      "object_kind": "var",
      "config_addr": "module.apim.var.subnet_id",
      "status": "pass",
      "objects": [
        {
          "object_addr": "module.apim.var.subnet_id",
          "status": "pass"
        }
      ]
    },
    {
      "object_kind": "check",
      "config_addr": "check.supported_environment_code",
      "status": "pass",
      "objects": [
        {
          "object_addr": "check.supported_environment_code",
          "status": "pass"
        }
      ]
    }
  ]
}
