{
  "version": 4,
  "terraform_version": "1.12.2",
  "serial": 9,
  "lineage": "b0a8a360-f975-41c9-7148-c3cc4239d2eb",
  "outputs": {},
  "resources": [
    {
      "module": "module.app_service_plan",
      "mode": "managed",
      "type": "azurerm_service_plan",
      "name": "this",
      "provider": "provider[\"registry.terraform.io/hashicorp/azurerm\"]",
      "instances": [
        {
          "schema_version": 1,
          "attributes": {
            "app_service_environment_id": "",
            "id": "/subscriptions/c5a60aba-12d3-4b3b-8ea9-699fb1e697a9/resourceGroups/rg-dev-weu-EMT-0001/providers/Microsoft.Web/serverFarms/asp-dev-weu-EMT-0001-app",
            "kind": "linux",
            "location": "westeurope",
            "maximum_elastic_worker_count": 1,
            "name": "asp-dev-weu-EMT-0001-app",
            "os_type": "Linux",
            "per_site_scaling_enabled": false,
            "premium_plan_auto_scale_enabled": false,
            "reserved": true,
            "resource_group_name": "rg-dev-weu-EMT-0001",
            "sku_name": "B1",
            "tags": {
              "component": "plan",
              "env_code": "D",
              "environment": "dev",
              "project_code": "EMT",
              "service": "app_service",
              "workload_id": "0001",
              "workload_key": "D0001-EMT"
            },
            "timeouts": null,
            "worker_count": 1,
            "zone_balancing_enabled": false
          },
          "sensitive_attributes": [],
          "identity_schema_version": 0,
          "private": "eyJlMmJmYjczMC1lY2FhLTExZTYtOGY4OC0zNDM2M2JjN2M0YzAiOnsiY3JlYXRlIjozNjAwMDAwMDAwMDAwLCJkZWxldGUiOjM2MDAwMDAwMDAwMDAsInJlYWQiOjMwMDAwMDAwMDAwMCwidXBkYXRlIjozNjAwMDAwMDAwMDAwfSwic2NoZW1hX3ZlcnNpb24iOiIxIn0=",
          "dependencies": [
            "module.rg.azurerm_resource_group.this"
          ]
        }
      ]
    },
    {
      "module": "module.rg",
      "mode": "managed",
      "type": "azurerm_resource_group",
      "name": "this",
      "provider": "provider[\"registry.terraform.io/hashicorp/azurerm\"]",
      "instances": [
        {
          "schema_version": 0,
          "attributes": {
            "id": "/subscriptions/c5a60aba-12d3-4b3b-8ea9-699fb1e697a9/resourceGroups/rg-dev-weu-EMT-0001",
            "location": "westeurope",
            "managed_by": "",
            "name": "rg-dev-weu-EMT-0001",
            "tags": {
              "component": "resource_group",
              "environment": "dev",
              "project_code": "EMT",
              "workload_id": "0001",
              "workload_key": "D0001-EMT"
            },
            "timeouts": null
          },
          "sensitive_attributes": [],
          "identity_schema_version": 0,
          "identity": {
            "name": "rg-dev-weu-EMT-0001",
            "subscription_id": "c5a60aba-12d3-4b3b-8ea9-699fb1e697a9"
          },
          "private": "eyJlMmJmYjczMC1lY2FhLTExZTYtOGY4OC0zNDM2M2JjN2M0YzAiOnsiY3JlYXRlIjo1NDAwMDAwMDAwMDAwLCJkZWxldGUiOjU0MDAwMDAwMDAwMDAsInJlYWQiOjMwMDAwMDAwMDAwMCwidXBkYXRlIjo1NDAwMDAwMDAwMDAwfX0="
        }
      ]
    }
  ],
  "check_results": [
    {
      "object_kind": "var",
      "config_addr": "module.rg.var.lock_override",
      "status": "pass",
      "objects": [
        {
          "object_addr": "module.rg.var.lock_override",
          "status": "pass"
        }
      ]
    },
    {
      "object_kind": "var",
      "config_addr": "module.app_service_plan.var.os_type",
      "status": "pass",
      "objects": [
        {
          "object_addr": "module.app_service_plan.var.os_type",
          "status": "pass"
        }
      ]
    },
    {
      "object_kind": "var",
      "config_addr": "module.app_service_plan.var.worker_count",
      "status": "pass",
      "objects": [
        {
          "object_addr": "module.app_service_plan.var.worker_count",
          "status": "pass"
        }
      ]
    }
  ]
}
